// !$*UTF8*$!
{
	archiveVersion = 1;
	classes = {
	};
	objectVersion = 77;
	objects = {

/* Begin PBXBuildFile section */
		54284E532D74247400394FC6 /* SDWebImage in Frameworks */ = {isa = PBXBuildFile; productRef = 54284E522D74247400394FC6 /* SDWebImage */; };
		54284E552D74247400394FC6 /* SDWebImageMapKit in Frameworks */ = {isa = PBXBuildFile; productRef = 54284E542D74247400394FC6 /* SDWebImageMapKit */; };
/* End PBXBuildFile section */

/* Begin PBXContainerItemProxy section */
		54563E322D7215910082F030 /* PBXContainerItemProxy */ = {
			isa = PBXContainerItemProxy;
			containerPortal = 54563E142D7215900082F030 /* Project object */;
			proxyType = 1;
			remoteGlobalIDString = 54563E1B2D7215900082F030;
			remoteInfo = MatchMate;
		};
		54563E3C2D7215910082F030 /* PBXContainerItemProxy */ = {
			isa = PBXContainerItemProxy;
			containerPortal = 54563E142D7215900082F030 /* Project object */;
			proxyType = 1;
			remoteGlobalIDString = 54563E1B2D7215900082F030;
			remoteInfo = MatchMate;
		};
/* End PBXContainerItemProxy section */

/* Begin PBXFileReference section */
		54563E1C2D7215900082F030 /* MatchMate.app */ = {isa = PBXFileReference; explicitFileType = wrapper.application; includeInIndex = 0; path = MatchMate.app; sourceTree = BUILT_PRODUCTS_DIR; };
		54563E312D7215910082F030 /* MatchMateTests.xctest */ = {isa = PBXFileReference; explicitFileType = wrapper.cfbundle; includeInIndex = 0; path = MatchMateTests.xctest; sourceTree = BUILT_PRODUCTS_DIR; };
		54563E3B2D7215910082F030 /* MatchMateUITests.xctest */ = {isa = PBXFileReference; explicitFileType = wrapper.cfbundle; includeInIndex = 0; path = MatchMateUITests.xctest; sourceTree = BUILT_PRODUCTS_DIR; };
/* End PBXFileReference section */

/* Begin PBXFileSystemSynchronizedRootGroup section */
		54563E1E2D7215900082F030 /* MatchMate */ = {
			isa = PBXFileSystemSynchronizedRootGroup;
			path = MatchMate;
			sourceTree = "<group>";
		};
		54563E342D7215910082F030 /* MatchMateTests */ = {
			isa = PBXFileSystemSynchronizedRootGroup;
			path = MatchMateTests;
			sourceTree = "<group>";
		};
		54563E3E2D7215910082F030 /* MatchMateUITests */ = {
			isa = PBXFileSystemSynchronizedRootGroup;
			path = MatchMateUITests;
			sourceTree = "<group>";
		};
/* End PBXFileSystemSynchronizedRootGroup section */

/* Begin PBXFrameworksBuildPhase section */
		54563E192D7215900082F030 /* Frameworks */ = {
			isa = PBXFrameworksBuildPhase;
			buildActionMask = 2147483647;
			files = (
				54284E552D74247400394FC6 /* SDWebImageMapKit in Frameworks */,
				54284E532D74247400394FC6 /* SDWebImage in Frameworks */,
			);
			runOnlyForDeploymentPostprocessing = 0;
		};
		54563E2E2D7215910082F030 /* Frameworks */ = {
			isa = PBXFrameworksBuildPhase;
			buildActionMask = 2147483647;
			files = (
			);
			runOnlyForDeploymentPostprocessing = 0;
		};
		54563E382D7215910082F030 /* Frameworks */ = {
			isa = PBXFrameworksBuildPhase;
			buildActionMask = 2147483647;
			files = (
			);
			runOnlyForDeploymentPostprocessing = 0;
		};
/* End PBXFrameworksBuildPhase section */

/* Begin PBXGroup section */
		54563E132D7215900082F030 = {
			isa = PBXGroup;
			children = (
				54563E1E2D7215900082F030 /* MatchMate */,
				54563E342D7215910082F030 /* MatchMateTests */,
				54563E3E2D7215910082F030 /* MatchMateUITests */,
				54563E1D2D7215900082F030 /* Products */,
			);
			sourceTree = "<group>";
		};
		54563E1D2D7215900082F030 /* Products */ = {
			isa = PBXGroup;
			children = (
				54563E1C2D7215900082F030 /* MatchMate.app */,
				54563E312D7215910082F030 /* MatchMateTests.xctest */,
				54563E3B2D7215910082F030 /* MatchMateUITests.xctest */,
			);
			name = Products;
			sourceTree = "<group>";
		};
/* End PBXGroup section */

/* Begin PBXNativeTarget section */
		54563E1B2D7215900082F030 /* MatchMate */ = {
			isa = PBXNativeTarget;
			buildConfigurationList = 54563E452D7215920082F030 /* Build configuration list for PBXNativeTarget "MatchMate" */;
			buildPhases = (
				54563E182D7215900082F030 /* Sources */,
				54563E192D7215900082F030 /* Frameworks */,
				54563E1A2D7215900082F030 /* Resources */,
			);
			buildRules = (
			);
			dependencies = (
			);
			fileSystemSynchronizedGroups = (
				54563E1E2D7215900082F030 /* MatchMate */,
			);
			name = MatchMate;
			packageProductDependencies = (
				54284E522D74247400394FC6 /* SDWebImage */,
				54284E542D74247400394FC6 /* SDWebImageMapKit */,
			);
			productName = MatchMate;
			productReference = 54563E1C2D7215900082F030 /* MatchMate.app */;
			productType = "com.apple.product-type.application";
		};
		54563E302D7215910082F030 /* MatchMateTests */ = {
			isa = PBXNativeTarget;
			buildConfigurationList = 54563E482D7215920082F030 /* Build configuration list for PBXNativeTarget "MatchMateTests" */;
			buildPhases = (
				54563E2D2D7215910082F030 /* Sources */,
				54563E2E2D7215910082F030 /* Frameworks */,
				54563E2F2D7215910082F030 /* Resources */,
			);
			buildRules = (
			);
			dependencies = (
				54563E332D7215910082F030 /* PBXTargetDependency */,
			);
			fileSystemSynchronizedGroups = (
				54563E342D7215910082F030 /* MatchMateTests */,
			);
			name = MatchMateTests;
			packageProductDependencies = (
			);
			productName = MatchMateTests;
			productReference = 54563E312D7215910082F030 /* MatchMateTests.xctest */;
			productType = "com.apple.product-type.bundle.unit-test";
		};
		54563E3A2D7215910082F030 /* MatchMateUITests */ = {
			isa = PBXNativeTarget;
			buildConfigurationList = 54563E4B2D7215920082F030 /* Build configuration list for PBXNativeTarget "MatchMateUITests" */;
			buildPhases = (
				54563E372D7215910082F030 /* Sources */,
				54563E382D7215910082F030 /* Frameworks */,
				54563E392D7215910082F030 /* Resources */,
			);
			buildRules = (
			);
			dependencies = (
				54563E3D2D7215910082F030 /* PBXTargetDependency */,
			);
			fileSystemSynchronizedGroups = (
				54563E3E2D7215910082F030 /* MatchMateUITests */,
			);
			name = MatchMateUITests;
			packageProductDependencies = (
			);
			productName = MatchMateUITests;
			productReference = 54563E3B2D7215910082F030 /* MatchMateUITests.xctest */;
			productType = "com.apple.product-type.bundle.ui-testing";
		};
/* End PBXNativeTarget section */

/* Begin PBXProject section */
		54563E142D7215900082F030 /* Project object */ = {
			isa = PBXProject;
			attributes = {
				BuildIndependentTargetsInParallel = 1;
				LastSwiftUpdateCheck = 1620;
				LastUpgradeCheck = 1620;
				TargetAttributes = {
					54563E1B2D7215900082F030 = {
						CreatedOnToolsVersion = 16.2;
					};
					54563E302D7215910082F030 = {
						CreatedOnToolsVersion = 16.2;
						TestTargetID = 54563E1B2D7215900082F030;
					};
					54563E3A2D7215910082F030 = {
						CreatedOnToolsVersion = 16.2;
						TestTargetID = 54563E1B2D7215900082F030;
					};
				};
			};
			buildConfigurationList = 54563E172D7215900082F030 /* Build configuration list for PBXProject "MatchMate" */;
			developmentRegion = en;
			hasScannedForEncodings = 0;
			knownRegions = (
				en,
				Base,
			);
			mainGroup = 54563E132D7215900082F030;
			minimizedProjectReferenceProxies = 1;
			packageReferences = (
				54284E512D74247400394FC6 /* XCRemoteSwiftPackageReference "SDWebImage" */,
			);
			preferredProjectObjectVersion = 77;
			productRefGroup = 54563E1D2D7215900082F030 /* Products */;
			projectDirPath = "";
			projectRoot = "";
			targets = (
				54563E1B2D7215900082F030 /* MatchMate */,
				54563E302D7215910082F030 /* MatchMateTests */,
				54563E3A2D7215910082F030 /* MatchMateUITests */,
			);
		};
/* End PBXProject section */

/* Begin PBXResourcesBuildPhase section */
		54563E1A2D7215900082F030 /* Resources */ = {
			isa = PBXResourcesBuildPhase;
			buildActionMask = 2147483647;
			files = (
			);
			runOnlyForDeploymentPostprocessing = 0;
		};
		54563E2F2D7215910082F030 /* Resources */ = {
			isa = PBXResourcesBuildPhase;
			buildActionMask = 2147483647;
			files = (
			);
			runOnlyForDeploymentPostprocessing = 0;
		};
		54563E392D7215910082F030 /* Resources */ = {
			isa = PBXResourcesBuildPhase;
			buildActionMask = 2147483647;
			files = (
			);
			runOnlyForDeploymentPostprocessing = 0;
		};
/* End PBXResourcesBuildPhase section */

/* Begin PBXSourcesBuildPhase section */
		54563E182D7215900082F030 /* Sources */ = {
			isa = PBXSourcesBuildPhase;
			buildActionMask = 2147483647;
			files = (
			);
			runOnlyForDeploymentPostprocessing = 0;
		};
		54563E2D2D7215910082F030 /* Sources */ = {
			isa = PBXSourcesBuildPhase;
			buildActionMask = 2147483647;
			files = (
			);
			runOnlyForDeploymentPostprocessing = 0;
		};
		54563E372D7215910082F030 /* Sources */ = {
			isa = PBXSourcesBuildPhase;
			buildActionMask = 2147483647;
			files = (
			);
			runOnlyForDeploymentPostprocessing = 0;
		};
/* End PBXSourcesBuildPhase section */

/* Begin PBXTargetDependency section */
		54563E332D7215910082F030 /* PBXTargetDependency */ = {
			isa = PBXTargetDependency;
			target = 54563E1B2D7215900082F030 /* MatchMate */;
			targetProxy = 54563E322D7215910082F030 /* PBXContainerItemProxy */;
		};
		54563E3D2D7215910082F030 /* PBXTargetDependency */ = {
			isa = PBXTargetDependency;
			target = 54563E1B2D7215900082F030 /* MatchMate */;
			targetProxy = 54563E3C2D7215910082F030 /* PBXContainerItemProxy */;
		};
/* End PBXTargetDependency section */

/* Begin XCBuildConfiguration section */
		54563E432D7215920082F030 /* Debug */ = {
			isa = XCBuildConfiguration;
			buildSettings = {
				ALWAYS_SEARCH_USER_PATHS = NO;
				ASSETCATALOG_COMPILER_GENERATE_SWIFT_ASSET_SYMBOL_EXTENSIONS = YES;
				CLANG_ANALYZER_NONNULL = YES;
				CLANG_ANALYZER_NUMBER_OBJECT_CONVERSION = YES_AGGRESSIVE;
				CLANG_CXX_LANGUAGE_STANDARD = "gnu++20";
				CLANG_ENABLE_MODULES = YES;
				CLANG_ENABLE_OBJC_ARC = YES;
				CLANG_ENABLE_OBJC_WEAK = YES;
				CLANG_WARN_BLOCK_CAPTURE_AUTORELEASING = YES;
				CLANG_WARN_BOOL_CONVERSION = YES;
				CLANG_WARN_COMMA = YES;
				CLANG_WARN_CONSTANT_CONVERSION = YES;
				CLANG_WARN_DEPRECATED_OBJC_IMPLEMENTATIONS = YES;
				CLANG_WARN_DIRECT_OBJC_ISA_USAGE = YES_ERROR;
				CLANG_WARN_DOCUMENTATION_COMMENTS = YES;
				CLANG_WARN_EMPTY_BODY = YES;
				CLANG_WARN_ENUM_CONVERSION = YES;
				CLANG_WARN_INFINITE_RECURSION = YES;
				CLANG_WARN_INT_CONVERSION = YES;
				CLANG_WARN_NON_LITERAL_NULL_CONVERSION = YES;
				CLANG_WARN_OBJC_IMPLICIT_RETAIN_SELF = YES;
				CLANG_WARN_OBJC_LITERAL_CONVERSION = YES;
				CLANG_WARN_OBJC_ROOT_CLASS = YES_ERROR;
				CLANG_WARN_QUOTED_INCLUDE_IN_FRAMEWORK_HEADER = YES;
				CLANG_WARN_RANGE_LOOP_ANALYSIS = YES;
				CLANG_WARN_STRICT_PROTOTYPES = YES;
				CLANG_WARN_SUSPICIOUS_MOVE = YES;
				CLANG_WARN_UNGUARDED_AVAILABILITY = YES_AGGRESSIVE;
				CLANG_WARN_UNREACHABLE_CODE = YES;
				CLANG_WARN__DUPLICATE_METHOD_MATCH = YES;
				COPY_PHASE_STRIP = NO;
				DEBUG_INFORMATION_FORMAT = dwarf;
				ENABLE_STRICT_OBJC_MSGSEND = YES;
				ENABLE_TESTABILITY = YES;
				ENABLE_USER_SCRIPT_SANDBOXING = YES;
				GCC_C_LANGUAGE_STANDARD = gnu17;
				GCC_DYNAMIC_NO_PIC = NO;
				GCC_NO_COMMON_BLOCKS = YES;
				GCC_OPTIMIZATION_LEVEL = 0;
				GCC_PREPROCESSOR_DEFINITIONS = (
					"DEBUG=1",
					"$(inherited)",
				);
				GCC_WARN_64_TO_32_BIT_CONVERSION = YES;
				GCC_WARN_ABOUT_RETURN_TYPE = YES_ERROR;
				GCC_WARN_UNDECLARED_SELECTOR = YES;
				GCC_WARN_UNINITIALIZED_AUTOS = YES_AGGRESSIVE;
				GCC_WARN_UNUSED_FUNCTION = YES;
				GCC_WARN_UNUSED_VARIABLE = YES;
				IPHONEOS_DEPLOYMENT_TARGET = 18.2;
				LOCALIZATION_PREFERS_STRING_CATALOGS = YES;
				MTL_ENABLE_DEBUG_INFO = INCLUDE_SOURCE;
				MTL_FAST_MATH = YES;
				ONLY_ACTIVE_ARCH = YES;
				SDKROOT = iphoneos;
				SWIFT_ACTIVE_COMPILATION_CONDITIONS = "DEBUG $(inherited)";
				SWIFT_OPTIMIZATION_LEVEL = "-Onone";
			};
			name = Debug;
		};
		54563E442D7215920082F030 /* Release */ = {
			isa = XCBuildConfiguration;
			buildSettings = {
				ALWAYS_SEARCH_USER_PATHS = NO;
				ASSETCATALOG_COMPILER_GENERATE_SWIFT_ASSET_SYMBOL_EXTENSIONS = YES;
				CLANG_ANALYZER_NONNULL = YES;
				CLANG_ANALYZER_NUMBER_OBJECT_CONVERSION = YES_AGGRESSIVE;
				CLANG_CXX_LANGUAGE_STANDARD = "gnu++20";
				CLANG_ENABLE_MODULES = YES;
				CLANG_ENABLE_OBJC_ARC = YES;
				CLANG_ENABLE_OBJC_WEAK = YES;
				CLANG_WARN_BLOCK_CAPTURE_AUTORELEASING = YES;
				CLANG_WARN_BOOL_CONVERSION = YES;
				CLANG_WARN_COMMA = YES;
				CLANG_WARN_CONSTANT_CONVERSION = YES;
				CLANG_WARN_DEPRECATED_OBJC_IMPLEMENTATIONS = YES;
				CLANG_WARN_DIRECT_OBJC_ISA_USAGE = YES_ERROR;
				CLANG_WARN_DOCUMENTATION_COMMENTS = YES;
				CLANG_WARN_EMPTY_BODY = YES;
				CLANG_WARN_ENUM_CONVERSION = YES;
				CLANG_WARN_INFINITE_RECURSION = YES;
				CLANG_WARN_INT_CONVERSION = YES;
				CLANG_WARN_NON_LITERAL_NULL_CONVERSION = YES;
				CLANG_WARN_OBJC_IMPLICIT_RETAIN_SELF = YES;
				CLANG_WARN_OBJC_LITERAL_CONVERSION = YES;
				CLANG_WARN_OBJC_ROOT_CLASS = YES_ERROR;
				CLANG_WARN_QUOTED_INCLUDE_IN_FRAMEWORK_HEADER = YES;
				CLANG_WARN_RANGE_LOOP_ANALYSIS = YES;
				CLANG_WARN_STRICT_PROTOTYPES = YES;
				CLANG_WARN_SUSPICIOUS_MOVE = YES;
				CLANG_WARN_UNGUARDED_AVAILABILITY = YES_AGGRESSIVE;
				CLANG_WARN_UNREACHABLE_CODE = YES;
				CLANG_WARN__DUPLICATE_METHOD_MATCH = YES;
				COPY_PHASE_STRIP = NO;
				DEBUG_INFORMATION_FORMAT = "dwarf-with-dsym";
				ENABLE_NS_ASSERTIONS = NO;
				ENABLE_STRICT_OBJC_MSGSEND = YES;
				ENABLE_USER_SCRIPT_SANDBOXING = YES;
				GCC_C_LANGUAGE_STANDARD = gnu17;
				GCC_NO_COMMON_BLOCKS = YES;
				GCC_WARN_64_TO_32_BIT_CONVERSION = YES;
				GCC_WARN_ABOUT_RETURN_TYPE = YES_ERROR;
				GCC_WARN_UNDECLARED_SELECTOR = YES;
				GCC_WARN_UNINITIALIZED_AUTOS = YES_AGGRESSIVE;
				GCC_WARN_UNUSED_FUNCTION = YES;
				GCC_WARN_UNUSED_VARIABLE = YES;
				IPHONEOS_DEPLOYMENT_TARGET = 18.2;
				LOCALIZATION_PREFERS_STRING_CATALOGS = YES;
				MTL_ENABLE_DEBUG_INFO = NO;
				MTL_FAST_MATH = YES;
				SDKROOT = iphoneos;
				SWIFT_COMPILATION_MODE = wholemodule;
				VALIDATE_PRODUCT = YES;
			};
			name = Release;
		};
		54563E462D7215920082F030 /* Debug */ = {
			isa = XCBuildConfiguration;
			buildSettings = {
				ASSETCATALOG_COMPILER_APPICON_NAME = AppIcon;
				ASSETCATALOG_COMPILER_GLOBAL_ACCENT_COLOR_NAME = AccentColor;
				CODE_SIGN_STYLE = Automatic;
				CURRENT_PROJECT_VERSION = 1;
				DEVELOPMENT_ASSET_PATHS = "\"MatchMate/Preview Content\"";
				ENABLE_PREVIEWS = YES;
				GENERATE_INFOPLIST_FILE = YES;
				INFOPLIST_KEY_UIApplicationSceneManifest_Generation = YES;
				INFOPLIST_KEY_UIApplicationSupportsIndirectInputEvents = YES;
				INFOPLIST_KEY_UILaunchScreen_Generation = YES;
				INFOPLIST_KEY_UISupportedInterfaceOrientations_iPad = "UIInterfaceOrientationPortrait UIInterfaceOrientationPortraitUpsideDown UIInterfaceOrientationLandscapeLeft UIInterfaceOrientationLandscapeRight";
				INFOPLIST_KEY_UISupportedInterfaceOrientations_iPhone = "UIInterfaceOrientationPortrait UIInterfaceOrientationLandscapeLeft UIInterfaceOrientationLandscapeRight";
				LD_RUNPATH_SEARCH_PATHS = (
					"$(inherited)",
					"@executable_path/Frameworks",
				);
				MARKETING_VERSION = 1.0;
				PRODUCT_BUNDLE_IDENTIFIER = com.nishant.MatchMate;
				PRODUCT_NAME = "$(TARGET_NAME)";
				SWIFT_EMIT_LOC_STRINGS = YES;
				SWIFT_VERSION = 5.0;
				TARGETED_DEVICE_FAMILY = "1,2";
			};
			name = Debug;
		};
		54563E472D7215920082F030 /* Release */ = {
			isa = XCBuildConfiguration;
			buildSettings = {
				ASSETCATALOG_COMPILER_APPICON_NAME = AppIcon;
				ASSETCATALOG_COMPILER_GLOBAL_ACCENT_COLOR_NAME = AccentColor;
				CODE_SIGN_STYLE = Automatic;
				CURRENT_PROJECT_VERSION = 1;
				DEVELOPMENT_ASSET_PATHS = "\"MatchMate/Preview Content\"";
				ENABLE_PREVIEWS = YES;
				GENERATE_INFOPLIST_FILE = YES;
				INFOPLIST_KEY_UIApplicationSceneManifest_Generation = YES;
				INFOPLIST_KEY_UIApplicationSupportsIndirectInputEvents = YES;
				INFOPLIST_KEY_UILaunchScreen_Generation = YES;
				INFOPLIST_KEY_UISupportedInterfaceOrientations_iPad = "UIInterfaceOrientationPortrait UIInterfaceOrientationPortraitUpsideDown UIInterfaceOrientationLandscapeLeft UIInterfaceOrientationLandscapeRight";
				INFOPLIST_KEY_UISupportedInterfaceOrientations_iPhone = "UIInterfaceOrientationPortrait UIInterfaceOrientationLandscapeLeft UIInterfaceOrientationLandscapeRight";
				LD_RUNPATH_SEARCH_PATHS = (
					"$(inherited)",
					"@executable_path/Frameworks",
				);
				MARKETING_VERSION = 1.0;
				PRODUCT_BUNDLE_IDENTIFIER = com.nishant.MatchMate;
				PRODUCT_NAME = "$(TARGET_NAME)";
				SWIFT_EMIT_LOC_STRINGS = YES;
				SWIFT_VERSION = 5.0;
				TARGETED_DEVICE_FAMILY = "1,2";
			};
			name = Release;
		};
		54563E492D7215920082F030 /* Debug */ = {
			isa = XCBuildConfiguration;
			buildSettings = {
				BUNDLE_LOADER = "$(TEST_HOST)";
				CODE_SIGN_STYLE = Automatic;
				CURRENT_PROJECT_VERSION = 1;
				GENERATE_INFOPLIST_FILE = YES;
				IPHONEOS_DEPLOYMENT_TARGET = 18.2;
				MARKETING_VERSION = 1.0;
				PRODUCT_BUNDLE_IDENTIFIER = com.nishant.MatchMateTests;
				PRODUCT_NAME = "$(TARGET_NAME)";
				SWIFT_EMIT_LOC_STRINGS = NO;
				SWIFT_VERSION = 5.0;
				TARGETED_DEVICE_FAMILY = "1,2";
				TEST_HOST = "$(BUILT_PRODUCTS_DIR)/MatchMate.app/$(BUNDLE_EXECUTABLE_FOLDER_PATH)/MatchMate";
			};
			name = Debug;
		};
		54563E4A2D7215920082F030 /* Release */ = {
			isa = XCBuildConfiguration;
			buildSettings = {
				BUNDLE_LOADER = "$(TEST_HOST)";
				CODE_SIGN_STYLE = Automatic;
				CURRENT_PROJECT_VERSION = 1;
				GENERATE_INFOPLIST_FILE = YES;
				IPHONEOS_DEPLOYMENT_TARGET = 18.2;
				MARKETING_VERSION = 1.0;
				PRODUCT_BUNDLE_IDENTIFIER = com.nishant.MatchMateTests;
				PRODUCT_NAME = "$(TARGET_NAME)";
				SWIFT_EMIT_LOC_STRINGS = NO;
				SWIFT_VERSION = 5.0;
				TARGETED_DEVICE_FAMILY = "1,2";
				TEST_HOST = "$(BUILT_PRODUCTS_DIR)/MatchMate.app/$(BUNDLE_EXECUTABLE_FOLDER_PATH)/MatchMate";
			};
			name = Release;
		};
		54563E4C2D7215920082F030 /* Debug */ = {
			isa = XCBuildConfiguration;
			buildSettings = {
				CODE_SIGN_STYLE = Automatic;
				CURRENT_PROJECT_VERSION = 1;
				GENERATE_INFOPLIST_FILE = YES;
				MARKETING_VERSION = 1.0;
				PRODUCT_BUNDLE_IDENTIFIER = com.nishant.MatchMateUITests;
				PRODUCT_NAME = "$(TARGET_NAME)";
				SWIFT_EMIT_LOC_STRINGS = NO;
				SWIFT_VERSION = 5.0;
				TARGETED_DEVICE_FAMILY = "1,2";
				TEST_TARGET_NAME = MatchMate;
			};
			name = Debug;
		};
		54563E4D2D7215920082F030 /* Release */ = {
			isa = XCBuildConfiguration;
			buildSettings = {
				CODE_SIGN_STYLE = Automatic;
				CURRENT_PROJECT_VERSION = 1;
				GENERATE_INFOPLIST_FILE = YES;
				MARKETING_VERSION = 1.0;
				PRODUCT_BUNDLE_IDENTIFIER = com.nishant.MatchMateUITests;
				PRODUCT_NAME = "$(TARGET_NAME)";
				SWIFT_EMIT_LOC_STRINGS = NO;
				SWIFT_VERSION = 5.0;
				TARGETED_DEVICE_FAMILY = "1,2";
				TEST_TARGET_NAME = MatchMate;
			};
			name = Release;
		};
/* End XCBuildConfiguration section */

/* Begin XCConfigurationList section */
		54563E172D7215900082F030 /* Build configuration list for PBXProject "MatchMate" */ = {
			isa = XCConfigurationList;
			buildConfigurations = (
				54563E432D7215920082F030 /* Debug */,
				54563E442D7215920082F030 /* Release */,
			);
			defaultConfigurationIsVisible = 0;
			defaultConfigurationName = Release;
		};
		54563E452D7215920082F030 /* Build configuration list for PBXNativeTarget "MatchMate" */ = {
			isa = XCConfigurationList;
			buildConfigurations = (
				54563E462D7215920082F030 /* Debug */,
				54563E472D7215920082F030 /* Release */,
			);
			defaultConfigurationIsVisible = 0;
			defaultConfigurationName = Release;
		};
		54563E482D7215920082F030 /* Build configuration list for PBXNativeTarget "MatchMateTests" */ = {
			isa = XCConfigurationList;
			buildConfigurations = (
				54563E492D7215920082F030 /* Debug */,
				54563E4A2D7215920082F030 /* Release */,
			);
			defaultConfigurationIsVisible = 0;
			defaultConfigurationName = Release;
		};
		54563E4B2D7215920082F030 /* Build configuration list for PBXNativeTarget "MatchMateUITests" */ = {
			isa = XCConfigurationList;
			buildConfigurations = (
				54563E4C2D7215920082F030 /* Debug */,
				54563E4D2D7215920082F030 /* Release */,
			);
			defaultConfigurationIsVisible = 0;
			defaultConfigurationName = Release;
		};
/* End XCConfigurationList section */

/* Begin XCRemoteSwiftPackageReference section */
		54284E512D74247400394FC6 /* XCRemoteSwiftPackageReference "SDWebImage" */ = {
			isa = XCRemoteSwiftPackageReference;
			repositoryURL = "https://github.com/SDWebImage/SDWebImage.git";
			requirement = {
				kind = upToNextMajorVersion;
				minimumVersion = 5.21.0;
			};
		};
/* End XCRemoteSwiftPackageReference section */

/* Begin XCSwiftPackageProductDependency section */
		54284E522D74247400394FC6 /* SDWebImage */ = {
			isa = XCSwiftPackageProductDependency;
			package = 54284E512D74247400394FC6 /* XCRemoteSwiftPackageReference "SDWebImage" */;
			productName = SDWebImage;
		};
		54284E542D74247400394FC6 /* SDWebImageMapKit */ = {
			isa = XCSwiftPackageProductDependency;
			package = 54284E512D74247400394FC6 /* XCRemoteSwiftPackageReference "SDWebImage" */;
			productName = SDWebImageMapKit;
		};
/* End XCSwiftPackageProductDependency section */
	};
	rootObject = 54563E142D7215900082F030 /* Project object */;
}
